<?xml version="1.0" encoding="utf-8"?>
<Project ToolsVersion="4.0" xmlns="http://schemas.microsoft.com/developer/msbuild/2003">
  <ItemGroup>
    <ClCompile Include="Main.cpp" />
    <ClCompile Include="Training\TrainingCaptureConfig.cpp" />
    <ClCompile Include="Training\TrainingCameraSampler.cpp" />
    <ClCompile Include="Training\TrainingFrameWriter.cpp" />
    <ClCompile Include="Training\TrainingCaptureRunner.cpp" />
    <ClCompile Include="VolumetricCloudsRenderUtils.cpp" />
    <ClCompile Include="PathTracingApplication.cpp" />
    <ClCompile Include="PathTracingRenderPass.cpp" />
    <ClCompile Include="BVH.cpp" />
    <ClCompile Include="PathTracingRenderer.cpp" />
    <ClCompile Include="PathTracingRendererSceneVisitor.cpp" />
  </ItemGroup>
  <ItemGroup>
    <ClInclude Include="Training\TrainingCaptureConfig.h" />
    <ClInclude Include="Training\TrainingCameraSampler.h" />
    <ClInclude Include="Training\TrainingFrameWriter.h" />
    <ClInclude Include="Training\TrainingCaptureRunner.h" />
    <ClInclude Include="VolumetricCloudsRenderUtils.h" />
    <ClInclude Include="PathTracingApplication.h" />
    <ClInclude Include="PathTracingRenderPass.h" />
    <ClInclude Include="BVH.h" />
    <ClInclude Include="PathTracingRenderer.h" />
    <ClInclude Include="PathTracingRendererSceneVisitor.h" />
  </ItemGroup>
  <ItemGroup>
    <None Include="Shaders\volumetricclouds-render.comp" />
    <None Include="Shaders\Renderer\copy.frag" />
    <None Include="Shaders\Renderer\fullscreen.vert" />
    <None Include="Shaders\tonemapping.frag" />
  </ItemGroup>
</Project>